
Microsoft Visual Studio Solution File, Format Version 12.00
# Visual Studio 14
VisualStudioVersion = 14.0.22823.1
MinimumVisualStudioVersion = 10.0.40219.1
Project("{2150E333-8FDC-42A3-9474-1A3956D46DE8}") = "Indicators", "Indicators", "{913A93EA-0D83-4AF9-85A5-464FAE9A6841}"
EndProject
Project("{2150E333-8FDC-42A3-9474-1A3956D46DE8}") = "Incubator", "Incubator", "{6B339CCB-5D60-4AEA-941E-AEF053A1005C}"
EndProject
Project("{2150E333-8FDC-42A3-9474-1A3956D46DE8}") = "Library", "Library", "{0E84EA6A-4143-4E1C-8A51-84A1CE002DCB}"
EndProject
Project("{2150E333-8FDC-42A3-9474-1A3956D46DE8}") = "Tools", "Tools", "{42B07490-84DB-444B-BFB7-A477204AE312}"
	ProjectSection(SolutionItems) = preProject
		Tools\dotNetFx45_Full_setup.exe = Tools\dotNetFx45_Full_setup.exe
		Tools\mql.exe = Tools\mql.exe
		Tools\mql64.exe = Tools\mql64.exe
		Tools\mt4setup.exe = Tools\mt4setup.exe
		Tools\nquotes-setup-1.13.exe = Tools\nquotes-setup-1.13.exe
	EndProjectSection
EndProject
Project("{FAE04EC0-301F-11D3-BF4B-00C04F79EFBC}") = "TradingLib", "Library\TradingLib\TradingLib.csproj", "{F35C5634-5C66-4FC6-9F75-6A85C1BD2BA1}"
EndProject
Project("{2150E333-8FDC-42A3-9474-1A3956D46DE8}") = "Robots", "Robots", "{FB0CE582-C69A-466B-888E-A3332469232B}"
EndProject
Project("{FAE04EC0-301F-11D3-BF4B-00C04F79EFBC}") = "testUnmanaged", "Incubator\testUnmanagedDLL\testUnmanaged.csproj", "{46715A67-B134-473C-ACE4-EF6AA1C0E688}"
EndProject
Project("{FAE04EC0-301F-11D3-BF4B-00C04F79EFBC}") = "HighLow", "Indicators\HighLow\HighLow.csproj", "{8E65745F-BAD3-4B95-B05A-D4EE64901156}"
EndProject
Project("{FAE04EC0-301F-11D3-BF4B-00C04F79EFBC}") = "BreakOutBox", "Indicators\BreakOutBox\BreakOutBox.csproj", "{479BBD35-7701-4C96-B5E2-3D44C1C4127E}"
EndProject
Project("{2150E333-8FDC-42A3-9474-1A3956D46DE8}") = "Solution Items", "Solution Items", "{C288FC01-ED28-4CBE-932E-98A94D21DBED}"
	ProjectSection(SolutionItems) = preProject
		Environment variables for metatrader-Instance Id.JPG = Environment variables for metatrader-Instance Id.JPG
		Environment variables for metatrader-Terminal Data Path.JPG = Environment variables for metatrader-Terminal Data Path.JPG
		..\..\..\AppData\Roaming\MetaQuotes\Terminal\3BD2B5E5A5264AFE17C1E2DDC7D6B381\MQL4\nquotes.config = ..\..\..\AppData\Roaming\MetaQuotes\Terminal\3BD2B5E5A5264AFE17C1E2DDC7D6B381\MQL4\nquotes.config
		..\..\..\AppData\Roaming\MetaQuotes\Terminal\3BD2B5E5A5264AFE17C1E2DDC7D6B381\MQL4\Experts\nquotes.mq4 = ..\..\..\AppData\Roaming\MetaQuotes\Terminal\3BD2B5E5A5264AFE17C1E2DDC7D6B381\MQL4\Experts\nquotes.mq4
		saved portions of code.txt = saved portions of code.txt
	EndProjectSection
EndProject
Project("{2150E333-8FDC-42A3-9474-1A3956D46DE8}") = "NQuotes Projects", "NQuotes Projects", "{AFB0BC38-91AB-434A-BAD3-088FCD3F3A0E}"
EndProject
Project("{FAE04EC0-301F-11D3-BF4B-00C04F79EFBC}") = "CustomIndicatorCaller", "..\..\..\AppData\Roaming\MetaQuotes\Terminal\3BD2B5E5A5264AFE17C1E2DDC7D6B381\MQL4\Projects\nquotes\CustomIndicatorCaller\CustomIndicatorCaller.csproj", "{81014658-24B2-4C5E-A0C3-53ED4945C867}"
EndProject
Project("{FAE04EC0-301F-11D3-BF4B-00C04F79EFBC}") = "HighLowIndicator", "..\..\..\AppData\Roaming\MetaQuotes\Terminal\3BD2B5E5A5264AFE17C1E2DDC7D6B381\MQL4\Projects\nquotes\HighLowIndicator\HighLowIndicator.csproj", "{BB658784-C58F-4E1E-98D9-B4CF91D73777}"
EndProject
Project("{FAE04EC0-301F-11D3-BF4B-00C04F79EFBC}") = "MovingAverageCustom", "..\..\..\AppData\Roaming\MetaQuotes\Terminal\3BD2B5E5A5264AFE17C1E2DDC7D6B381\MQL4\Projects\nquotes\MovingAverageCustom\MovingAverageCustom.csproj", "{1B4E96FB-5723-4429-99C9-F47DBD5994B0}"
EndProject
Project("{FAE04EC0-301F-11D3-BF4B-00C04F79EFBC}") = "MovingAverageExpert", "..\..\..\AppData\Roaming\MetaQuotes\Terminal\3BD2B5E5A5264AFE17C1E2DDC7D6B381\MQL4\Projects\nquotes\MovingAverageExpert\MovingAverageExpert.csproj", "{B6F386BF-52F9-4B04-A68E-F98A55CEDCFF}"
EndProject
Project("{FAE04EC0-301F-11D3-BF4B-00C04F79EFBC}") = "PyMovingAverage", "..\..\..\AppData\Roaming\MetaQuotes\Terminal\3BD2B5E5A5264AFE17C1E2DDC7D6B381\MQL4\Projects\nquotes\PyMovingAverage\PyMovingAverage.csproj", "{D42362BD-0559-4290-8550-AAACCA9F0158}"
EndProject
Project("{FAE04EC0-301F-11D3-BF4B-00C04F79EFBC}") = "WinFormsTest", "..\..\..\AppData\Roaming\MetaQuotes\Terminal\3BD2B5E5A5264AFE17C1E2DDC7D6B381\MQL4\Projects\nquotes\WinFormsTest\WinFormsTest.csproj", "{E836BABE-5E3F-4982-9F95-A28024C8113E}"
EndProject
Project("{FAE04EC0-301F-11D3-BF4B-00C04F79EFBC}") = "MetraderCustomTool", "Incubator\MetraderCustomTool\MetraderCustomTool.csproj", "{1A10DBC2-AC3D-4522-97B6-2CCBC38A21FF}"
EndProject
Project("{FAE04EC0-301F-11D3-BF4B-00C04F79EFBC}") = "XMTScalper", "..\XMTScalper\XMTScalper\XMTScalper.csproj", "{20F477EA-EA42-4052-9B1E-4A19C6B7BF8E}"
EndProject
Project("{FAE04EC0-301F-11D3-BF4B-00C04F79EFBC}") = "Candlesticks", "Indicators\Candlesticks\Candlesticks.csproj", "{D276063D-0B61-4DD6-BB7D-6937F2834893}"
EndProject
Global
	GlobalSection(SolutionConfigurationPlatforms) = preSolution
		Debug|Any CPU = Debug|Any CPU
		Debug|x64 = Debug|x64
		Debug|x86 = Debug|x86
		Release|Any CPU = Release|Any CPU
		Release|x64 = Release|x64
		Release|x86 = Release|x86
	EndGlobalSection
	GlobalSection(ProjectConfigurationPlatforms) = postSolution
		{F35C5634-5C66-4FC6-9F75-6A85C1BD2BA1}.Debug|Any CPU.ActiveCfg = Debug|Any CPU
		{F35C5634-5C66-4FC6-9F75-6A85C1BD2BA1}.Debug|Any CPU.Build.0 = Debug|Any CPU
		{F35C5634-5C66-4FC6-9F75-6A85C1BD2BA1}.Debug|x64.ActiveCfg = Debug|Any CPU
		{F35C5634-5C66-4FC6-9F75-6A85C1BD2BA1}.Debug|x86.ActiveCfg = Debug|Any CPU
		{F35C5634-5C66-4FC6-9F75-6A85C1BD2BA1}.Debug|x86.Build.0 = Debug|Any CPU
		{F35C5634-5C66-4FC6-9F75-6A85C1BD2BA1}.Release|Any CPU.ActiveCfg = Release|Any CPU
		{F35C5634-5C66-4FC6-9F75-6A85C1BD2BA1}.Release|Any CPU.Build.0 = Release|Any CPU
		{F35C5634-5C66-4FC6-9F75-6A85C1BD2BA1}.Release|x64.ActiveCfg = Release|Any CPU
		{F35C5634-5C66-4FC6-9F75-6A85C1BD2BA1}.Release|x86.ActiveCfg = Release|Any CPU
		{46715A67-B134-473C-ACE4-EF6AA1C0E688}.Debug|Any CPU.ActiveCfg = Debug|Any CPU
		{46715A67-B134-473C-ACE4-EF6AA1C0E688}.Debug|Any CPU.Build.0 = Debug|Any CPU
		{46715A67-B134-473C-ACE4-EF6AA1C0E688}.Debug|x64.ActiveCfg = Debug|x64
		{46715A67-B134-473C-ACE4-EF6AA1C0E688}.Debug|x64.Build.0 = Debug|x64
		{46715A67-B134-473C-ACE4-EF6AA1C0E688}.Debug|x86.ActiveCfg = Debug|x86
		{46715A67-B134-473C-ACE4-EF6AA1C0E688}.Debug|x86.Build.0 = Debug|x86
		{46715A67-B134-473C-ACE4-EF6AA1C0E688}.Release|Any CPU.ActiveCfg = Release|Any CPU
		{46715A67-B134-473C-ACE4-EF6AA1C0E688}.Release|Any CPU.Build.0 = Release|Any CPU
		{46715A67-B134-473C-ACE4-EF6AA1C0E688}.Release|x64.ActiveCfg = Release|x64
		{46715A67-B134-473C-ACE4-EF6AA1C0E688}.Release|x64.Build.0 = Release|x64
		{46715A67-B134-473C-ACE4-EF6AA1C0E688}.Release|x86.ActiveCfg = Release|x86
		{46715A67-B134-473C-ACE4-EF6AA1C0E688}.Release|x86.Build.0 = Release|x86
		{8E65745F-BAD3-4B95-B05A-D4EE64901156}.Debug|Any CPU.ActiveCfg = Debug|Any CPU
		{8E65745F-BAD3-4B95-B05A-D4EE64901156}.Debug|Any CPU.Build.0 = Debug|Any CPU
		{8E65745F-BAD3-4B95-B05A-D4EE64901156}.Debug|x64.ActiveCfg = Debug|Any CPU
		{8E65745F-BAD3-4B95-B05A-D4EE64901156}.Debug|x64.Build.0 = Debug|Any CPU
		{8E65745F-BAD3-4B95-B05A-D4EE64901156}.Debug|x86.ActiveCfg = Debug|Any CPU
		{8E65745F-BAD3-4B95-B05A-D4EE64901156}.Debug|x86.Build.0 = Debug|Any CPU
		{8E65745F-BAD3-4B95-B05A-D4EE64901156}.Release|Any CPU.ActiveCfg = Release|Any CPU
		{8E65745F-BAD3-4B95-B05A-D4EE64901156}.Release|Any CPU.Build.0 = Release|Any CPU
		{8E65745F-BAD3-4B95-B05A-D4EE64901156}.Release|x64.ActiveCfg = Release|Any CPU
		{8E65745F-BAD3-4B95-B05A-D4EE64901156}.Release|x64.Build.0 = Release|Any CPU
		{8E65745F-BAD3-4B95-B05A-D4EE64901156}.Release|x86.ActiveCfg = Release|Any CPU
		{8E65745F-BAD3-4B95-B05A-D4EE64901156}.Release|x86.Build.0 = Release|Any CPU
		{479BBD35-7701-4C96-B5E2-3D44C1C4127E}.Debug|Any CPU.ActiveCfg = Debug|Any CPU
		{479BBD35-7701-4C96-B5E2-3D44C1C4127E}.Debug|Any CPU.Build.0 = Debug|Any CPU
		{479BBD35-7701-4C96-B5E2-3D44C1C4127E}.Debug|x64.ActiveCfg = Debug|Any CPU
		{479BBD35-7701-4C96-B5E2-3D44C1C4127E}.Debug|x64.Build.0 = Debug|Any CPU
		{479BBD35-7701-4C96-B5E2-3D44C1C4127E}.Debug|x86.ActiveCfg = Debug|Any CPU
		{479BBD35-7701-4C96-B5E2-3D44C1C4127E}.Debug|x86.Build.0 = Debug|Any CPU
		{479BBD35-7701-4C96-B5E2-3D44C1C4127E}.Release|Any CPU.ActiveCfg = Release|Any CPU
		{479BBD35-7701-4C96-B5E2-3D44C1C4127E}.Release|Any CPU.Build.0 = Release|Any CPU
		{479BBD35-7701-4C96-B5E2-3D44C1C4127E}.Release|x64.ActiveCfg = Release|Any CPU
		{479BBD35-7701-4C96-B5E2-3D44C1C4127E}.Release|x64.Build.0 = Release|Any CPU
		{479BBD35-7701-4C96-B5E2-3D44C1C4127E}.Release|x86.ActiveCfg = Release|Any CPU
		{479BBD35-7701-4C96-B5E2-3D44C1C4127E}.Release|x86.Build.0 = Release|Any CPU
		{81014658-24B2-4C5E-A0C3-53ED4945C867}.Debug|Any CPU.ActiveCfg = Debug|Any CPU
		{81014658-24B2-4C5E-A0C3-53ED4945C867}.Debug|Any CPU.Build.0 = Debug|Any CPU
		{81014658-24B2-4C5E-A0C3-53ED4945C867}.Debug|x64.ActiveCfg = Debug|Any CPU
		{81014658-24B2-4C5E-A0C3-53ED4945C867}.Debug|x64.Build.0 = Debug|Any CPU
		{81014658-24B2-4C5E-A0C3-53ED4945C867}.Debug|x86.ActiveCfg = Debug|Any CPU
		{81014658-24B2-4C5E-A0C3-53ED4945C867}.Debug|x86.Build.0 = Debug|Any CPU
		{81014658-24B2-4C5E-A0C3-53ED4945C867}.Release|Any CPU.ActiveCfg = Release|Any CPU
		{81014658-24B2-4C5E-A0C3-53ED4945C867}.Release|Any CPU.Build.0 = Release|Any CPU
		{81014658-24B2-4C5E-A0C3-53ED4945C867}.Release|x64.ActiveCfg = Release|Any CPU
		{81014658-24B2-4C5E-A0C3-53ED4945C867}.Release|x64.Build.0 = Release|Any CPU
		{81014658-24B2-4C5E-A0C3-53ED4945C867}.Release|x86.ActiveCfg = Release|Any CPU
		{81014658-24B2-4C5E-A0C3-53ED4945C867}.Release|x86.Build.0 = Release|Any CPU
		{BB658784-C58F-4E1E-98D9-B4CF91D73777}.Debug|Any CPU.ActiveCfg = Debug|Any CPU
		{BB658784-C58F-4E1E-98D9-B4CF91D73777}.Debug|Any CPU.Build.0 = Debug|Any CPU
		{BB658784-C58F-4E1E-98D9-B4CF91D73777}.Debug|x64.ActiveCfg = Debug|Any CPU
		{BB658784-C58F-4E1E-98D9-B4CF91D73777}.Debug|x64.Build.0 = Debug|Any CPU
		{BB658784-C58F-4E1E-98D9-B4CF91D73777}.Debug|x86.ActiveCfg = Debug|Any CPU
		{BB658784-C58F-4E1E-98D9-B4CF91D73777}.Debug|x86.Build.0 = Debug|Any CPU
		{BB658784-C58F-4E1E-98D9-B4CF91D73777}.Release|Any CPU.ActiveCfg = Release|Any CPU
		{BB658784-C58F-4E1E-98D9-B4CF91D73777}.Release|Any CPU.Build.0 = Release|Any CPU
		{BB658784-C58F-4E1E-98D9-B4CF91D73777}.Release|x64.ActiveCfg = Release|Any CPU
		{BB658784-C58F-4E1E-98D9-B4CF91D73777}.Release|x64.Build.0 = Release|Any CPU
		{BB658784-C58F-4E1E-98D9-B4CF91D73777}.Release|x86.ActiveCfg = Release|Any CPU
		{BB658784-C58F-4E1E-98D9-B4CF91D73777}.Release|x86.Build.0 = Release|Any CPU
		{1B4E96FB-5723-4429-99C9-F47DBD5994B0}.Debug|Any CPU.ActiveCfg = Debug|Any CPU
		{1B4E96FB-5723-4429-99C9-F47DBD5994B0}.Debug|Any CPU.Build.0 = Debug|Any CPU
		{1B4E96FB-5723-4429-99C9-F47DBD5994B0}.Debug|x64.ActiveCfg = Debug|Any CPU
		{1B4E96FB-5723-4429-99C9-F47DBD5994B0}.Debug|x64.Build.0 = Debug|Any CPU
		{1B4E96FB-5723-4429-99C9-F47DBD5994B0}.Debug|x86.ActiveCfg = Debug|Any CPU
		{1B4E96FB-5723-4429-99C9-F47DBD5994B0}.Debug|x86.Build.0 = Debug|Any CPU
		{1B4E96FB-5723-4429-99C9-F47DBD5994B0}.Release|Any CPU.ActiveCfg = Release|Any CPU
		{1B4E96FB-5723-4429-99C9-F47DBD5994B0}.Release|Any CPU.Build.0 = Release|Any CPU
		{1B4E96FB-5723-4429-99C9-F47DBD5994B0}.Release|x64.ActiveCfg = Release|Any CPU
		{1B4E96FB-5723-4429-99C9-F47DBD5994B0}.Release|x64.Build.0 = Release|Any CPU
		{1B4E96FB-5723-4429-99C9-F47DBD5994B0}.Release|x86.ActiveCfg = Release|Any CPU
		{1B4E96FB-5723-4429-99C9-F47DBD5994B0}.Release|x86.Build.0 = Release|Any CPU
		{B6F386BF-52F9-4B04-A68E-F98A55CEDCFF}.Debug|Any CPU.ActiveCfg = Debug|Any CPU
		{B6F386BF-52F9-4B04-A68E-F98A55CEDCFF}.Debug|Any CPU.Build.0 = Debug|Any CPU
		{B6F386BF-52F9-4B04-A68E-F98A55CEDCFF}.Debug|x64.ActiveCfg = Debug|Any CPU
		{B6F386BF-52F9-4B04-A68E-F98A55CEDCFF}.Debug|x64.Build.0 = Debug|Any CPU
		{B6F386BF-52F9-4B04-A68E-F98A55CEDCFF}.Debug|x86.ActiveCfg = Debug|Any CPU
		{B6F386BF-52F9-4B04-A68E-F98A55CEDCFF}.Debug|x86.Build.0 = Debug|Any CPU
		{B6F386BF-52F9-4B04-A68E-F98A55CEDCFF}.Release|Any CPU.ActiveCfg = Release|Any CPU
		{B6F386BF-52F9-4B04-A68E-F98A55CEDCFF}.Release|Any CPU.Build.0 = Release|Any CPU
		{B6F386BF-52F9-4B04-A68E-F98A55CEDCFF}.Release|x64.ActiveCfg = Release|Any CPU
		{B6F386BF-52F9-4B04-A68E-F98A55CEDCFF}.Release|x64.Build.0 = Release|Any CPU
		{B6F386BF-52F9-4B04-A68E-F98A55CEDCFF}.Release|x86.ActiveCfg = Release|Any CPU
		{B6F386BF-52F9-4B04-A68E-F98A55CEDCFF}.Release|x86.Build.0 = Release|Any CPU
		{D42362BD-0559-4290-8550-AAACCA9F0158}.Debug|Any CPU.ActiveCfg = Debug|Any CPU
		{D42362BD-0559-4290-8550-AAACCA9F0158}.Debug|Any CPU.Build.0 = Debug|Any CPU
		{D42362BD-0559-4290-8550-AAACCA9F0158}.Debug|x64.ActiveCfg = Debug|Any CPU
		{D42362BD-0559-4290-8550-AAACCA9F0158}.Debug|x64.Build.0 = Debug|Any CPU
		{D42362BD-0559-4290-8550-AAACCA9F0158}.Debug|x86.ActiveCfg = Debug|Any CPU
		{D42362BD-0559-4290-8550-AAACCA9F0158}.Debug|x86.Build.0 = Debug|Any CPU
		{D42362BD-0559-4290-8550-AAACCA9F0158}.Release|Any CPU.ActiveCfg = Release|Any CPU
		{D42362BD-0559-4290-8550-AAACCA9F0158}.Release|Any CPU.Build.0 = Release|Any CPU
		{D42362BD-0559-4290-8550-AAACCA9F0158}.Release|x64.ActiveCfg = Release|Any CPU
		{D42362BD-0559-4290-8550-AAACCA9F0158}.Release|x64.Build.0 = Release|Any CPU
		{D42362BD-0559-4290-8550-AAACCA9F0158}.Release|x86.ActiveCfg = Release|Any CPU
		{D42362BD-0559-4290-8550-AAACCA9F0158}.Release|x86.Build.0 = Release|Any CPU
		{E836BABE-5E3F-4982-9F95-A28024C8113E}.Debug|Any CPU.ActiveCfg = Debug|Any CPU
		{E836BABE-5E3F-4982-9F95-A28024C8113E}.Debug|Any CPU.Build.0 = Debug|Any CPU
		{E836BABE-5E3F-4982-9F95-A28024C8113E}.Debug|x64.ActiveCfg = Debug|Any CPU
		{E836BABE-5E3F-4982-9F95-A28024C8113E}.Debug|x64.Build.0 = Debug|Any CPU
		{E836BABE-5E3F-4982-9F95-A28024C8113E}.Debug|x86.ActiveCfg = Debug|Any CPU
		{E836BABE-5E3F-4982-9F95-A28024C8113E}.Debug|x86.Build.0 = Debug|Any CPU
		{E836BABE-5E3F-4982-9F95-A28024C8113E}.Release|Any CPU.ActiveCfg = Release|Any CPU
		{E836BABE-5E3F-4982-9F95-A28024C8113E}.Release|Any CPU.Build.0 = Release|Any CPU
		{E836BABE-5E3F-4982-9F95-A28024C8113E}.Release|x64.ActiveCfg = Release|Any CPU
		{E836BABE-5E3F-4982-9F95-A28024C8113E}.Release|x64.Build.0 = Release|Any CPU
		{E836BABE-5E3F-4982-9F95-A28024C8113E}.Release|x86.ActiveCfg = Release|Any CPU
		{E836BABE-5E3F-4982-9F95-A28024C8113E}.Release|x86.Build.0 = Release|Any CPU
		{1A10DBC2-AC3D-4522-97B6-2CCBC38A21FF}.Debug|Any CPU.ActiveCfg = Debug|Any CPU
		{1A10DBC2-AC3D-4522-97B6-2CCBC38A21FF}.Debug|Any CPU.Build.0 = Debug|Any CPU
		{1A10DBC2-AC3D-4522-97B6-2CCBC38A21FF}.Debug|x64.ActiveCfg = Debug|Any CPU
		{1A10DBC2-AC3D-4522-97B6-2CCBC38A21FF}.Debug|x86.ActiveCfg = Debug|Any CPU
		{1A10DBC2-AC3D-4522-97B6-2CCBC38A21FF}.Release|Any CPU.ActiveCfg = Release|Any CPU
		{1A10DBC2-AC3D-4522-97B6-2CCBC38A21FF}.Release|Any CPU.Build.0 = Release|Any CPU
		{1A10DBC2-AC3D-4522-97B6-2CCBC38A21FF}.Release|x64.ActiveCfg = Release|Any CPU
		{1A10DBC2-AC3D-4522-97B6-2CCBC38A21FF}.Release|x86.ActiveCfg = Release|Any CPU
		{20F477EA-EA42-4052-9B1E-4A19C6B7BF8E}.Debug|Any CPU.ActiveCfg = Debug|Any CPU
		{20F477EA-EA42-4052-9B1E-4A19C6B7BF8E}.Debug|Any CPU.Build.0 = Debug|Any CPU
		{20F477EA-EA42-4052-9B1E-4A19C6B7BF8E}.Debug|x64.ActiveCfg = Debug|Any CPU
		{20F477EA-EA42-4052-9B1E-4A19C6B7BF8E}.Debug|x64.Build.0 = Debug|Any CPU
		{20F477EA-EA42-4052-9B1E-4A19C6B7BF8E}.Debug|x86.ActiveCfg = Debug|Any CPU
		{20F477EA-EA42-4052-9B1E-4A19C6B7BF8E}.Debug|x86.Build.0 = Debug|Any CPU
		{20F477EA-EA42-4052-9B1E-4A19C6B7BF8E}.Release|Any CPU.ActiveCfg = Release|Any CPU
		{20F477EA-EA42-4052-9B1E-4A19C6B7BF8E}.Release|Any CPU.Build.0 = Release|Any CPU
		{20F477EA-EA42-4052-9B1E-4A19C6B7BF8E}.Release|x64.ActiveCfg = Release|Any CPU
		{20F477EA-EA42-4052-9B1E-4A19C6B7BF8E}.Release|x64.Build.0 = Release|Any CPU
		{20F477EA-EA42-4052-9B1E-4A19C6B7BF8E}.Release|x86.ActiveCfg = Release|Any CPU
		{20F477EA-EA42-4052-9B1E-4A19C6B7BF8E}.Release|x86.Build.0 = Release|Any CPU
		{D276063D-0B61-4DD6-BB7D-6937F2834893}.Debug|Any CPU.ActiveCfg = Debug|Any CPU
		{D276063D-0B61-4DD6-BB7D-6937F2834893}.Debug|Any CPU.Build.0 = Debug|Any CPU
		{D276063D-0B61-4DD6-BB7D-6937F2834893}.Debug|x64.ActiveCfg = Debug|Any CPU
		{D276063D-0B61-4DD6-BB7D-6937F2834893}.Debug|x64.Build.0 = Debug|Any CPU
		{D276063D-0B61-4DD6-BB7D-6937F2834893}.Debug|x86.ActiveCfg = Debug|Any CPU
		{D276063D-0B61-4DD6-BB7D-6937F2834893}.Debug|x86.Build.0 = Debug|Any CPU
		{D276063D-0B61-4DD6-BB7D-6937F2834893}.Release|Any CPU.ActiveCfg = Release|Any CPU
		{D276063D-0B61-4DD6-BB7D-6937F2834893}.Release|Any CPU.Build.0 = Release|Any CPU
		{D276063D-0B61-4DD6-BB7D-6937F2834893}.Release|x64.ActiveCfg = Release|Any CPU
		{D276063D-0B61-4DD6-BB7D-6937F2834893}.Release|x64.Build.0 = Release|Any CPU
		{D276063D-0B61-4DD6-BB7D-6937F2834893}.Release|x86.ActiveCfg = Release|Any CPU
		{D276063D-0B61-4DD6-BB7D-6937F2834893}.Release|x86.Build.0 = Release|Any CPU
	EndGlobalSection
	GlobalSection(SolutionProperties) = preSolution
		HideSolutionNode = FALSE
	EndGlobalSection
	GlobalSection(NestedProjects) = preSolution
		{F35C5634-5C66-4FC6-9F75-6A85C1BD2BA1} = {0E84EA6A-4143-4E1C-8A51-84A1CE002DCB}
		{46715A67-B134-473C-ACE4-EF6AA1C0E688} = {6B339CCB-5D60-4AEA-941E-AEF053A1005C}
		{8E65745F-BAD3-4B95-B05A-D4EE64901156} = {913A93EA-0D83-4AF9-85A5-464FAE9A6841}
		{479BBD35-7701-4C96-B5E2-3D44C1C4127E} = {913A93EA-0D83-4AF9-85A5-464FAE9A6841}
		{81014658-24B2-4C5E-A0C3-53ED4945C867} = {AFB0BC38-91AB-434A-BAD3-088FCD3F3A0E}
		{BB658784-C58F-4E1E-98D9-B4CF91D73777} = {AFB0BC38-91AB-434A-BAD3-088FCD3F3A0E}
		{1B4E96FB-5723-4429-99C9-F47DBD5994B0} = {AFB0BC38-91AB-434A-BAD3-088FCD3F3A0E}
		{B6F386BF-52F9-4B04-A68E-F98A55CEDCFF} = {AFB0BC38-91AB-434A-BAD3-088FCD3F3A0E}
		{D42362BD-0559-4290-8550-AAACCA9F0158} = {AFB0BC38-91AB-434A-BAD3-088FCD3F3A0E}
		{E836BABE-5E3F-4982-9F95-A28024C8113E} = {AFB0BC38-91AB-434A-BAD3-088FCD3F3A0E}
		{1A10DBC2-AC3D-4522-97B6-2CCBC38A21FF} = {6B339CCB-5D60-4AEA-941E-AEF053A1005C}
		{20F477EA-EA42-4052-9B1E-4A19C6B7BF8E} = {FB0CE582-C69A-466B-888E-A3332469232B}
		{D276063D-0B61-4DD6-BB7D-6937F2834893} = {913A93EA-0D83-4AF9-85A5-464FAE9A6841}
	EndGlobalSection
EndGlobal
