
Microsoft Visual Studio Solution File, Format Version 12.00
# Visual Studio 14
VisualStudioVersion = 14.0.22823.1
MinimumVisualStudioVersion = 10.0.40219.1
Project("{FAE04EC0-301F-11D3-BF4B-00C04F79EFBC}") = "DebugHost", "DebugHost\DebugHost.csproj", "{43F97964-8547-40D0-A6F9-473F2D58C7D5}"
EndProject
Project("{FAE04EC0-301F-11D3-BF4B-00C04F79EFBC}") = "HighLow", "HighLow.csproj", "{8E65745F-BAD3-4B95-B05A-D4EE64901156}"
EndProject
Global
	GlobalSection(SolutionConfigurationPlatforms) = preSolution
		Debug|Any CPU = Debug|Any CPU
		Release|Any CPU = Release|Any CPU
	EndGlobalSection
	GlobalSection(ProjectConfigurationPlatforms) = postSolution
		{43F97964-8547-40D0-A6F9-473F2D58C7D5}.Debug|Any CPU.ActiveCfg = Debug|Any CPU
		{43F97964-8547-40D0-A6F9-473F2D58C7D5}.Debug|Any CPU.Build.0 = Debug|Any CPU
		{43F97964-8547-40D0-A6F9-473F2D58C7D5}.Release|Any CPU.ActiveCfg = Release|Any CPU
		{43F97964-8547-40D0-A6F9-473F2D58C7D5}.Release|Any CPU.Build.0 = Release|Any CPU
		{8E65745F-BAD3-4B95-B05A-D4EE64901156}.Debug|Any CPU.ActiveCfg = Debug|Any CPU
		{8E65745F-BAD3-4B95-B05A-D4EE64901156}.Debug|Any CPU.Build.0 = Debug|Any CPU
		{8E65745F-BAD3-4B95-B05A-D4EE64901156}.Release|Any CPU.ActiveCfg = Release|Any CPU
		{8E65745F-BAD3-4B95-B05A-D4EE64901156}.Release|Any CPU.Build.0 = Release|Any CPU
	EndGlobalSection
	GlobalSection(SolutionProperties) = preSolution
		HideSolutionNode = FALSE
	EndGlobalSection
EndGlobal
